
Microsoft Visual Studio Solution File, Format Version 12.00
# Visual Studio 15
Project("{FAE04EC0-301F-11D3-BF4B-00C04F79EFBC}") = "Assembly-CSharp", "Assembly-CSharp.csproj", "{7C9C6BF5-6DFF-4290-23FA-89337970CFC2}"
EndProject
Project("{FAE04EC0-301F-11D3-BF4B-00C04F79EFBC}") = "Assembly-CSharp-Editor", "Assembly-CSharp-Editor.csproj", "{FC666320-602C-051E-D7DE-649FD3EE1411}"
EndProject
Global
	GlobalSection(SolutionConfigurationPlatforms) = preSolution
		Debug|Any CPU = Debug|Any CPU
		Release|Any CPU = Release|Any CPU
	EndGlobalSection
	GlobalSection(ProjectConfigurationPlatforms) = postSolution
		{7C9C6BF5-6DFF-4290-23FA-89337970CFC2}.Debug|Any CPU.ActiveCfg = Debug|Any CPU
		{7C9C6BF5-6DFF-4290-23FA-89337970CFC2}.Debug|Any CPU.Build.0 = Debug|Any CPU
		{7C9C6BF5-6DFF-4290-23FA-89337970CFC2}.Release|Any CPU.ActiveCfg = Release|Any CPU
		{7C9C6BF5-6DFF-4290-23FA-89337970CFC2}.Release|Any CPU.Build.0 = Release|Any CPU
		{FC666320-602C-051E-D7DE-649FD3EE1411}.Debug|Any CPU.ActiveCfg = Debug|Any CPU
		{FC666320-602C-051E-D7DE-649FD3EE1411}.Debug|Any CPU.Build.0 = Debug|Any CPU
		{FC666320-602C-051E-D7DE-649FD3EE1411}.Release|Any CPU.ActiveCfg = Release|Any CPU
		{FC666320-602C-051E-D7DE-649FD3EE1411}.Release|Any CPU.Build.0 = Release|Any CPU
	EndGlobalSection
	GlobalSection(SolutionProperties) = preSolution
		HideSolutionNode = FALSE
	EndGlobalSection
EndGlobal
